
Microsoft Visual Studio Solution File, Format Version 12.00
# Visual Studio Version 17
VisualStudioVersion = 17.13.35825.156 d17.13
MinimumVisualStudioVersion = 10.0.40219.1
Project("{8BC9CEB8-8B4A-11D0-8D11-00A0C91BC942}") = "BinarySearchTrree", "BinarySearchTrree\BinarySearchTrree.vcxproj", "{7772E145-5D77-4F01-9A71-7DBC66B9BE93}"
EndProject
Global
	GlobalSection(SolutionConfigurationPlatforms) = preSolution
		Debug|x64 = Debug|x64
		Debug|x86 = Debug|x86
		Release|x64 = Release|x64
		Release|x86 = Release|x86
	EndGlobalSection
	GlobalSection(ProjectConfigurationPlatforms) = postSolution
		{7772E145-5D77-4F01-9A71-7DBC66B9BE93}.Debug|x64.ActiveCfg = Debug|x64
		{7772E145-5D77-4F01-9A71-7DBC66B9BE93}.Debug|x64.Build.0 = Debug|x64
		{7772E145-5D77-4F01-9A71-7DBC66B9BE93}.Debug|x86.ActiveCfg = Debug|Win32
		{7772E145-5D77-4F01-9A71-7DBC66B9BE93}.Debug|x86.Build.0 = Debug|Win32
		{7772E145-5D77-4F01-9A71-7DBC66B9BE93}.Release|x64.ActiveCfg = Release|x64
		{7772E145-5D77-4F01-9A71-7DBC66B9BE93}.Release|x64.Build.0 = Release|x64
		{7772E145-5D77-4F01-9A71-7DBC66B9BE93}.Release|x86.ActiveCfg = Release|Win32
		{7772E145-5D77-4F01-9A71-7DBC66B9BE93}.Release|x86.Build.0 = Release|Win32
	EndGlobalSection
	GlobalSection(SolutionProperties) = preSolution
		HideSolutionNode = FALSE
	EndGlobalSection
	GlobalSection(ExtensibilityGlobals) = postSolution
		SolutionGuid = {F6565EE0-1D8B-4E5D-869C-D33969A5F989}
	EndGlobalSection
EndGlobal
